// !$*UTF8*$!
{
	archiveVersion = 1;
	classes = {
	};
	objectVersion = 46;
	objects = {

/* Begin PBXBuildFile section */
		2A3ECFA31ED98DBD00C130AF /* main.m in Sources */ = {isa = PBXBuildFile; fileRef = 2A3ECFA21ED98DBD00C130AF /* main.m */; };
		2A3ECFA61ED98DBD00C130AF /* AppDelegate.m in Sources */ = {isa = PBXBuildFile; fileRef = 2A3ECFA51ED98DBD00C130AF /* AppDelegate.m */; };
		2A3ECFAE1ED98DBD00C130AF /* Assets.xcassets in Resources */ = {isa = PBXBuildFile; fileRef = 2A3ECFAD1ED98DBD00C130AF /* Assets.xcassets */; };
		2A3ECFB11ED98DBD00C130AF /* LaunchScreen.storyboard in Resources */ = {isa = PBXBuildFile; fileRef = 2A3ECFAF1ED98DBD00C130AF /* LaunchScreen.storyboard */; };
		2A3ECFBC1ED98DBD00C130AF /* SitEnjoyTests.m in Sources */ = {isa = PBXBuildFile; fileRef = 2A3ECFBB1ED98DBD00C130AF /* SitEnjoyTests.m */; };
		2A3ECFC71ED98DBD00C130AF /* SitEnjoyUITests.m in Sources */ = {isa = PBXBuildFile; fileRef = 2A3ECFC61ED98DBD00C130AF /* SitEnjoyUITests.m */; };
		2A68DE9A1EE8331D00ECC730 /* 01 为什么用坐享这个词.mp3 in Resources */ = {isa = PBXBuildFile; fileRef = 2A68DE951EE8331D00ECC730 /* 01 为什么用坐享这个词.mp3 */; };
		2A68DE9B1EE8331D00ECC730 /* 02 什么是元认知能力.mp3 in Resources */ = {isa = PBXBuildFile; fileRef = 2A68DE961EE8331D00ECC730 /* 02 什么是元认知能力.mp3 */; };
		2A68DE9C1EE8331D00ECC730 /* 03 如何开始坐享.mp3 in Resources */ = {isa = PBXBuildFile; fileRef = 2A68DE971EE8331D00ECC730 /* 03 如何开始坐享.mp3 */; };
		2A68DE9D1EE8331D00ECC730 /* 04 第一次坐享辅导.mp3 in Resources */ = {isa = PBXBuildFile; fileRef = 2A68DE981EE8331D00ECC730 /* 04 第一次坐享辅导.mp3 */; };
		2A68DE9E1EE8331D00ECC730 /* 05 海声.mp3 in Resources */ = {isa = PBXBuildFile; fileRef = 2A68DE991EE8331D00ECC730 /* 05 海声.mp3 */; };
		2A68DEA41EE8336700ECC730 /* 1770040300_2031329_l.mp3 in Resources */ = {isa = PBXBuildFile; fileRef = 2A68DEA11EE8336700ECC730 /* 1770040300_2031329_l.mp3 */; };
		2A68DEA51EE8336700ECC730 /* 1770059653_2050944_l.mp3 in Resources */ = {isa = PBXBuildFile; fileRef = 2A68DEA21EE8336700ECC730 /* 1770059653_2050944_l.mp3 */; };
		2A68DEA61EE8336700ECC730 /* 1771694697_4194836_l.mp3 in Resources */ = {isa = PBXBuildFile; fileRef = 2A68DEA31EE8336700ECC730 /* 1771694697_4194836_l.mp3 */; };
		2A68DEAE1EE833E400ECC730 /* BaseEntity.m in Sources */ = {isa = PBXBuildFile; fileRef = 2A68DEA91EE833E400ECC730 /* BaseEntity.m */; };
		2A68DEAF1EE833E400ECC730 /* MusicEntity.m in Sources */ = {isa = PBXBuildFile; fileRef = 2A68DEAB1EE833E400ECC730 /* MusicEntity.m */; };
		2A68DEB01EE833E400ECC730 /* MusicListEntity.m in Sources */ = {isa = PBXBuildFile; fileRef = 2A68DEAD1EE833E400ECC730 /* MusicListEntity.m */; };
		2A68DEBC1EE8340B00ECC730 /* Music.storyboard in Resources */ = {isa = PBXBuildFile; fileRef = 2A68DEB31EE8340B00ECC730 /* Music.storyboard */; };
		2A68DEBD1EE8340B00ECC730 /* MusicIndicator.m in Sources */ = {isa = PBXBuildFile; fileRef = 2A68DEB51EE8340B00ECC730 /* MusicIndicator.m */; };
		2A68DEBE1EE8340B00ECC730 /* MusicSlider.m in Sources */ = {isa = PBXBuildFile; fileRef = 2A68DEB71EE8340B00ECC730 /* MusicSlider.m */; };
		2A68DEBF1EE8340B00ECC730 /* MusicList.storyboard in Resources */ = {isa = PBXBuildFile; fileRef = 2A68DEB91EE8340B00ECC730 /* MusicList.storyboard */; };
		2A68DEC01EE8340B00ECC730 /* MusicListCell.m in Sources */ = {isa = PBXBuildFile; fileRef = 2A68DEBB1EE8340B00ECC730 /* MusicListCell.m */; };
		2A68DEC91EE8341900ECC730 /* MusicViewController.m in Sources */ = {isa = PBXBuildFile; fileRef = 2A68DEC41EE8341900ECC730 /* MusicViewController.m */; };
		2A68DECA1EE8341900ECC730 /* music_list.json in Resources */ = {isa = PBXBuildFile; fileRef = 2A68DEC61EE8341900ECC730 /* music_list.json */; };
		2A68DECB1EE8341900ECC730 /* MusicListViewController.m in Sources */ = {isa = PBXBuildFile; fileRef = 2A68DEC81EE8341900ECC730 /* MusicListViewController.m */; };
		2A68DED51EE8346200ECC730 /* Track.m in Sources */ = {isa = PBXBuildFile; fileRef = 2A68DECD1EE8346200ECC730 /* Track.m */; };
		2A68DED61EE8346200ECC730 /* NAKPlaybackIndicatorContentView.m in Sources */ = {isa = PBXBuildFile; fileRef = 2A68DED01EE8346200ECC730 /* NAKPlaybackIndicatorContentView.m */; };
		2A68DED71EE8346200ECC730 /* NAKPlaybackIndicatorView.m in Sources */ = {isa = PBXBuildFile; fileRef = 2A68DED21EE8346200ECC730 /* NAKPlaybackIndicatorView.m */; };
		2A68DEDB1EE834A300ECC730 /* GVUserDefaults+Properties.m in Sources */ = {isa = PBXBuildFile; fileRef = 2A68DEDA1EE834A300ECC730 /* GVUserDefaults+Properties.m */; };
		2A68DEE11EE834BB00ECC730 /* BaseHelper.m in Sources */ = {isa = PBXBuildFile; fileRef = 2A68DEDE1EE834BB00ECC730 /* BaseHelper.m */; };
		2A68DEE21EE834BB00ECC730 /* MusicHandler.m in Sources */ = {isa = PBXBuildFile; fileRef = 2A68DEE01EE834BB00ECC730 /* MusicHandler.m */; };
		2A68DEE61EE834CD00ECC730 /* UIView+Animations.m in Sources */ = {isa = PBXBuildFile; fileRef = 2A68DEE41EE834CD00ECC730 /* UIView+Animations.m */; };
		2A68DEEA1EE834D100ECC730 /* NSString+Additions.m in Sources */ = {isa = PBXBuildFile; fileRef = 2A68DEE91EE834D100ECC730 /* NSString+Additions.m */; };
		2AD96B791ED9947300D33D2B /* NSCalendar+XMGExtension.m in Sources */ = {isa = PBXBuildFile; fileRef = 2AD96B6A1ED9947300D33D2B /* NSCalendar+XMGExtension.m */; };
		2AD96B7B1ED9947300D33D2B /* NSString+XMGExtension.m in Sources */ = {isa = PBXBuildFile; fileRef = 2AD96B6E1ED9947300D33D2B /* NSString+XMGExtension.m */; };
		2AD96B7C1ED9947300D33D2B /* UIBarButtonItem+XMGExtension.m in Sources */ = {isa = PBXBuildFile; fileRef = 2AD96B701ED9947300D33D2B /* UIBarButtonItem+XMGExtension.m */; };
		2AD96B7D1ED9947300D33D2B /* UIImage+XMGExtension.m in Sources */ = {isa = PBXBuildFile; fileRef = 2AD96B721ED9947300D33D2B /* UIImage+XMGExtension.m */; };
		2AD96B7E1ED9947300D33D2B /* UIImageView+XMGExtension.m in Sources */ = {isa = PBXBuildFile; fileRef = 2AD96B741ED9947300D33D2B /* UIImageView+XMGExtension.m */; };
		2AD96B7F1ED9947300D33D2B /* UITextField+XMGExtension.m in Sources */ = {isa = PBXBuildFile; fileRef = 2AD96B761ED9947300D33D2B /* UITextField+XMGExtension.m */; };
		2AD96B801ED9947300D33D2B /* UIView+XMGExtension.m in Sources */ = {isa = PBXBuildFile; fileRef = 2AD96B781ED9947300D33D2B /* UIView+XMGExtension.m */; };
		2AD96B841EDE723200D33D2B /* SEMainViewController.m in Sources */ = {isa = PBXBuildFile; fileRef = 2AD96B821EDE723200D33D2B /* SEMainViewController.m */; };
		2AD96B851EDE723200D33D2B /* SEMainViewController.xib in Resources */ = {isa = PBXBuildFile; fileRef = 2AD96B831EDE723200D33D2B /* SEMainViewController.xib */; };
		2AD96B881EDE849200D33D2B /* SEMusicViewController.m in Sources */ = {isa = PBXBuildFile; fileRef = 2AD96B871EDE849200D33D2B /* SEMusicViewController.m */; };
		2AD96B8E1EDEA44A00D33D2B /* XMGTabBar.m in Sources */ = {isa = PBXBuildFile; fileRef = 2AD96B8B1EDEA44A00D33D2B /* XMGTabBar.m */; };
		2AD96B8F1EDEA44A00D33D2B /* XMGTabBarController.m in Sources */ = {isa = PBXBuildFile; fileRef = 2AD96B8D1EDEA44A00D33D2B /* XMGTabBarController.m */; };
		2AD96B921EDEA4BD00D33D2B /* SEMeViewController.m in Sources */ = {isa = PBXBuildFile; fileRef = 2AD96B911EDEA4BD00D33D2B /* SEMeViewController.m */; };
		2AD96B961EDEA61C00D33D2B /* BottomView.m in Sources */ = {isa = PBXBuildFile; fileRef = 2AD96B951EDEA61C00D33D2B /* BottomView.m */; };
		2AD96B981EDEA64B00D33D2B /* BottomView.xib in Resources */ = {isa = PBXBuildFile; fileRef = 2AD96B971EDEA64B00D33D2B /* BottomView.xib */; };
		2AF8D2651EDEC91500CF45C8 /* SENavigationController.m in Sources */ = {isa = PBXBuildFile; fileRef = 2AF8D2641EDEC91500CF45C8 /* SENavigationController.m */; };
		2AF8D2681EDECBCC00CF45C8 /* cloud.gif in Resources */ = {isa = PBXBuildFile; fileRef = 2AF8D2671EDECBCC00CF45C8 /* cloud.gif */; };
		2AF8D26A1EDECBD300CF45C8 /* Cloud.mp3 in Resources */ = {isa = PBXBuildFile; fileRef = 2AF8D2691EDECBD300CF45C8 /* Cloud.mp3 */; };
		2AF8D26C1EDECBE700CF45C8 /* Nature.gif in Resources */ = {isa = PBXBuildFile; fileRef = 2AF8D26B1EDECBE700CF45C8 /* Nature.gif */; };
		2AF8D26E1EDECBF300CF45C8 /* Stream.gif in Resources */ = {isa = PBXBuildFile; fileRef = 2AF8D26D1EDECBF300CF45C8 /* Stream.gif */; };
		2AF8D2701EDECBF600CF45C8 /* Stream.mp3 in Resources */ = {isa = PBXBuildFile; fileRef = 2AF8D26F1EDECBF600CF45C8 /* Stream.mp3 */; };
		2AF8D2721EDECC0000CF45C8 /* wood ring.wav in Resources */ = {isa = PBXBuildFile; fileRef = 2AF8D2711EDECC0000CF45C8 /* wood ring.wav */; };
		2AF8D2741EDECC0300CF45C8 /* wood.png in Resources */ = {isa = PBXBuildFile; fileRef = 2AF8D2731EDECC0300CF45C8 /* wood.png */; };
		2AF8D2761EDECC0C00CF45C8 /* Silent.png in Resources */ = {isa = PBXBuildFile; fileRef = 2AF8D2751EDECC0C00CF45C8 /* Silent.png */; };
		2AF8D2781EDECC2500CF45C8 /* Nature 2.mp3 in Resources */ = {isa = PBXBuildFile; fileRef = 2AF8D2771EDECC2500CF45C8 /* Nature 2.mp3 */; };
		2AF8D27B1EDECC2F00CF45C8 /* metal ring.wav in Resources */ = {isa = PBXBuildFile; fileRef = 2AF8D2791EDECC2F00CF45C8 /* metal ring.wav */; };
		2AF8D27C1EDECC2F00CF45C8 /* Metal_bell3times.mp3 in Resources */ = {isa = PBXBuildFile; fileRef = 2AF8D27A1EDECC2F00CF45C8 /* Metal_bell3times.mp3 */; };
		2AF8D27F1EDED0DF00CF45C8 /* Main.storyboard in Resources */ = {isa = PBXBuildFile; fileRef = 2AF8D27D1EDED0DF00CF45C8 /* Main.storyboard */; };
		2AF8D2821EDED15E00CF45C8 /* ViewController.m in Sources */ = {isa = PBXBuildFile; fileRef = 2AF8D2811EDED15D00CF45C8 /* ViewController.m */; };
		9D2B5EAD206D745A3D536FFB /* libPods-SitEnjoy.a in Frameworks */ = {isa = PBXBuildFile; fileRef = E00FA2902E81BD89A25023A0 /* libPods-SitEnjoy.a */; };
/* End PBXBuildFile section */

/* Begin PBXContainerItemProxy section */
		2A3ECFB81ED98DBD00C130AF /* PBXContainerItemProxy */ = {
			isa = PBXContainerItemProxy;
			containerPortal = 2A3ECF961ED98DBC00C130AF /* Project object */;
			proxyType = 1;
			remoteGlobalIDString = 2A3ECF9D1ED98DBC00C130AF;
			remoteInfo = SitEnjoy;
		};
		2A3ECFC31ED98DBD00C130AF /* PBXContainerItemProxy */ = {
			isa = PBXContainerItemProxy;
			containerPortal = 2A3ECF961ED98DBC00C130AF /* Project object */;
			proxyType = 1;
			remoteGlobalIDString = 2A3ECF9D1ED98DBC00C130AF;
			remoteInfo = SitEnjoy;
		};
/* End PBXContainerItemProxy section */

/* Begin PBXFileReference section */
		2A3ECF9E1ED98DBC00C130AF /* SitEnjoy.app */ = {isa = PBXFileReference; explicitFileType = wrapper.application; includeInIndex = 0; path = SitEnjoy.app; sourceTree = BUILT_PRODUCTS_DIR; };
		2A3ECFA21ED98DBD00C130AF /* main.m */ = {isa = PBXFileReference; lastKnownFileType = sourcecode.c.objc; path = main.m; sourceTree = "<group>"; };
		2A3ECFA41ED98DBD00C130AF /* AppDelegate.h */ = {isa = PBXFileReference; lastKnownFileType = sourcecode.c.h; path = AppDelegate.h; sourceTree = "<group>"; };
		2A3ECFA51ED98DBD00C130AF /* AppDelegate.m */ = {isa = PBXFileReference; lastKnownFileType = sourcecode.c.objc; path = AppDelegate.m; sourceTree = "<group>"; };
		2A3ECFAD1ED98DBD00C130AF /* Assets.xcassets */ = {isa = PBXFileReference; lastKnownFileType = folder.assetcatalog; path = Assets.xcassets; sourceTree = "<group>"; };
		2A3ECFB01ED98DBD00C130AF /* Base */ = {isa = PBXFileReference; lastKnownFileType = file.storyboard; name = Base; path = Base.lproj/LaunchScreen.storyboard; sourceTree = "<group>"; };
		2A3ECFB21ED98DBD00C130AF /* Info.plist */ = {isa = PBXFileReference; lastKnownFileType = text.plist.xml; path = Info.plist; sourceTree = "<group>"; };
		2A3ECFB71ED98DBD00C130AF /* SitEnjoyTests.xctest */ = {isa = PBXFileReference; explicitFileType = wrapper.cfbundle; includeInIndex = 0; path = SitEnjoyTests.xctest; sourceTree = BUILT_PRODUCTS_DIR; };
		2A3ECFBB1ED98DBD00C130AF /* SitEnjoyTests.m */ = {isa = PBXFileReference; lastKnownFileType = sourcecode.c.objc; path = SitEnjoyTests.m; sourceTree = "<group>"; };
		2A3ECFBD1ED98DBD00C130AF /* Info.plist */ = {isa = PBXFileReference; lastKnownFileType = text.plist.xml; path = Info.plist; sourceTree = "<group>"; };
		2A3ECFC21ED98DBD00C130AF /* SitEnjoyUITests.xctest */ = {isa = PBXFileReference; explicitFileType = wrapper.cfbundle; includeInIndex = 0; path = SitEnjoyUITests.xctest; sourceTree = BUILT_PRODUCTS_DIR; };
		2A3ECFC61ED98DBD00C130AF /* SitEnjoyUITests.m */ = {isa = PBXFileReference; lastKnownFileType = sourcecode.c.objc; path = SitEnjoyUITests.m; sourceTree = "<group>"; };
		2A3ECFC81ED98DBD00C130AF /* Info.plist */ = {isa = PBXFileReference; lastKnownFileType = text.plist.xml; path = Info.plist; sourceTree = "<group>"; };
		2A68DE951EE8331D00ECC730 /* 01 为什么用坐享这个词.mp3 */ = {isa = PBXFileReference; lastKnownFileType = audio.mp3; path = "01 为什么用坐享这个词.mp3"; sourceTree = "<group>"; };
		2A68DE961EE8331D00ECC730 /* 02 什么是元认知能力.mp3 */ = {isa = PBXFileReference; lastKnownFileType = audio.mp3; path = "02 什么是元认知能力.mp3"; sourceTree = "<group>"; };
		2A68DE971EE8331D00ECC730 /* 03 如何开始坐享.mp3 */ = {isa = PBXFileReference; lastKnownFileType = audio.mp3; path = "03 如何开始坐享.mp3"; sourceTree = "<group>"; };
		2A68DE981EE8331D00ECC730 /* 04 第一次坐享辅导.mp3 */ = {isa = PBXFileReference; lastKnownFileType = audio.mp3; path = "04 第一次坐享辅导.mp3"; sourceTree = "<group>"; };
		2A68DE991EE8331D00ECC730 /* 05 海声.mp3 */ = {isa = PBXFileReference; lastKnownFileType = audio.mp3; path = "05 海声.mp3"; sourceTree = "<group>"; };
		2A68DEA11EE8336700ECC730 /* 1770040300_2031329_l.mp3 */ = {isa = PBXFileReference; lastKnownFileType = audio.mp3; path = 1770040300_2031329_l.mp3; sourceTree = "<group>"; };
		2A68DEA21EE8336700ECC730 /* 1770059653_2050944_l.mp3 */ = {isa = PBXFileReference; lastKnownFileType = audio.mp3; path = 1770059653_2050944_l.mp3; sourceTree = "<group>"; };
		2A68DEA31EE8336700ECC730 /* 1771694697_4194836_l.mp3 */ = {isa = PBXFileReference; lastKnownFileType = audio.mp3; path = 1771694697_4194836_l.mp3; sourceTree = "<group>"; };
		2A68DEA81EE833E400ECC730 /* BaseEntity.h */ = {isa = PBXFileReference; fileEncoding = 4; lastKnownFileType = sourcecode.c.h; path = BaseEntity.h; sourceTree = "<group>"; };
		2A68DEA91EE833E400ECC730 /* BaseEntity.m */ = {isa = PBXFileReference; fileEncoding = 4; lastKnownFileType = sourcecode.c.objc; path = BaseEntity.m; sourceTree = "<group>"; };
		2A68DEAA1EE833E400ECC730 /* MusicEntity.h */ = {isa = PBXFileReference; fileEncoding = 4; lastKnownFileType = sourcecode.c.h; path = MusicEntity.h; sourceTree = "<group>"; };
		2A68DEAB1EE833E400ECC730 /* MusicEntity.m */ = {isa = PBXFileReference; fileEncoding = 4; lastKnownFileType = sourcecode.c.objc; path = MusicEntity.m; sourceTree = "<group>"; };
		2A68DEAC1EE833E400ECC730 /* MusicListEntity.h */ = {isa = PBXFileReference; fileEncoding = 4; lastKnownFileType = sourcecode.c.h; path = MusicListEntity.h; sourceTree = "<group>"; };
		2A68DEAD1EE833E400ECC730 /* MusicListEntity.m */ = {isa = PBXFileReference; fileEncoding = 4; lastKnownFileType = sourcecode.c.objc; path = MusicListEntity.m; sourceTree = "<group>"; };
		2A68DEB31EE8340B00ECC730 /* Music.storyboard */ = {isa = PBXFileReference; fileEncoding = 4; lastKnownFileType = file.storyboard; path = Music.storyboard; sourceTree = "<group>"; };
		2A68DEB41EE8340B00ECC730 /* MusicIndicator.h */ = {isa = PBXFileReference; fileEncoding = 4; lastKnownFileType = sourcecode.c.h; path = MusicIndicator.h; sourceTree = "<group>"; };
		2A68DEB51EE8340B00ECC730 /* MusicIndicator.m */ = {isa = PBXFileReference; fileEncoding = 4; lastKnownFileType = sourcecode.c.objc; path = MusicIndicator.m; sourceTree = "<group>"; };
		2A68DEB61EE8340B00ECC730 /* MusicSlider.h */ = {isa = PBXFileReference; fileEncoding = 4; lastKnownFileType = sourcecode.c.h; path = MusicSlider.h; sourceTree = "<group>"; };
		2A68DEB71EE8340B00ECC730 /* MusicSlider.m */ = {isa = PBXFileReference; fileEncoding = 4; lastKnownFileType = sourcecode.c.objc; path = MusicSlider.m; sourceTree = "<group>"; };
		2A68DEB91EE8340B00ECC730 /* MusicList.storyboard */ = {isa = PBXFileReference; fileEncoding = 4; lastKnownFileType = file.storyboard; path = MusicList.storyboard; sourceTree = "<group>"; };
		2A68DEBA1EE8340B00ECC730 /* MusicListCell.h */ = {isa = PBXFileReference; fileEncoding = 4; lastKnownFileType = sourcecode.c.h; path = MusicListCell.h; sourceTree = "<group>"; };
		2A68DEBB1EE8340B00ECC730 /* MusicListCell.m */ = {isa = PBXFileReference; fileEncoding = 4; lastKnownFileType = sourcecode.c.objc; path = MusicListCell.m; sourceTree = "<group>"; };
		2A68DEC31EE8341900ECC730 /* MusicViewController.h */ = {isa = PBXFileReference; fileEncoding = 4; lastKnownFileType = sourcecode.c.h; path = MusicViewController.h; sourceTree = "<group>"; };
		2A68DEC41EE8341900ECC730 /* MusicViewController.m */ = {isa = PBXFileReference; fileEncoding = 4; lastKnownFileType = sourcecode.c.objc; path = MusicViewController.m; sourceTree = "<group>"; };
		2A68DEC61EE8341900ECC730 /* music_list.json */ = {isa = PBXFileReference; fileEncoding = 4; lastKnownFileType = text.json; path = music_list.json; sourceTree = "<group>"; };
		2A68DEC71EE8341900ECC730 /* MusicListViewController.h */ = {isa = PBXFileReference; fileEncoding = 4; lastKnownFileType = sourcecode.c.h; path = MusicListViewController.h; sourceTree = "<group>"; };
		2A68DEC81EE8341900ECC730 /* MusicListViewController.m */ = {isa = PBXFileReference; fileEncoding = 4; lastKnownFileType = sourcecode.c.objc; path = MusicListViewController.m; sourceTree = "<group>"; };
		2A68DECC1EE8346200ECC730 /* Track.h */ = {isa = PBXFileReference; fileEncoding = 4; lastKnownFileType = sourcecode.c.h; path = Track.h; sourceTree = "<group>"; };
		2A68DECD1EE8346200ECC730 /* Track.m */ = {isa = PBXFileReference; fileEncoding = 4; lastKnownFileType = sourcecode.c.objc; path = Track.m; sourceTree = "<group>"; };
		2A68DECF1EE8346200ECC730 /* NAKPlaybackIndicatorContentView.h */ = {isa = PBXFileReference; fileEncoding = 4; lastKnownFileType = sourcecode.c.h; path = NAKPlaybackIndicatorContentView.h; sourceTree = "<group>"; };
		2A68DED01EE8346200ECC730 /* NAKPlaybackIndicatorContentView.m */ = {isa = PBXFileReference; fileEncoding = 4; lastKnownFileType = sourcecode.c.objc; path = NAKPlaybackIndicatorContentView.m; sourceTree = "<group>"; };
		2A68DED11EE8346200ECC730 /* NAKPlaybackIndicatorView.h */ = {isa = PBXFileReference; fileEncoding = 4; lastKnownFileType = sourcecode.c.h; path = NAKPlaybackIndicatorView.h; sourceTree = "<group>"; };
		2A68DED21EE8346200ECC730 /* NAKPlaybackIndicatorView.m */ = {isa = PBXFileReference; fileEncoding = 4; lastKnownFileType = sourcecode.c.objc; path = NAKPlaybackIndicatorView.m; sourceTree = "<group>"; };
		2A68DED91EE834A300ECC730 /* GVUserDefaults+Properties.h */ = {isa = PBXFileReference; fileEncoding = 4; lastKnownFileType = sourcecode.c.h; path = "GVUserDefaults+Properties.h"; sourceTree = "<group>"; };
		2A68DEDA1EE834A300ECC730 /* GVUserDefaults+Properties.m */ = {isa = PBXFileReference; fileEncoding = 4; lastKnownFileType = sourcecode.c.objc; path = "GVUserDefaults+Properties.m"; sourceTree = "<group>"; };
		2A68DEDD1EE834BB00ECC730 /* BaseHelper.h */ = {isa = PBXFileReference; fileEncoding = 4; lastKnownFileType = sourcecode.c.h; path = BaseHelper.h; sourceTree = "<group>"; };
		2A68DEDE1EE834BB00ECC730 /* BaseHelper.m */ = {isa = PBXFileReference; fileEncoding = 4; lastKnownFileType = sourcecode.c.objc; path = BaseHelper.m; sourceTree = "<group>"; };
		2A68DEDF1EE834BB00ECC730 /* MusicHandler.h */ = {isa = PBXFileReference; fileEncoding = 4; lastKnownFileType = sourcecode.c.h; path = MusicHandler.h; sourceTree = "<group>"; };
		2A68DEE01EE834BB00ECC730 /* MusicHandler.m */ = {isa = PBXFileReference; fileEncoding = 4; lastKnownFileType = sourcecode.c.objc; path = MusicHandler.m; sourceTree = "<group>"; };
		2A68DEE31EE834CD00ECC730 /* UIView+Animations.h */ = {isa = PBXFileReference; fileEncoding = 4; lastKnownFileType = sourcecode.c.h; lineEnding = 0; path = "UIView+Animations.h"; sourceTree = "<group>"; };
		2A68DEE41EE834CD00ECC730 /* UIView+Animations.m */ = {isa = PBXFileReference; fileEncoding = 4; lastKnownFileType = sourcecode.c.objc; path = "UIView+Animations.m"; sourceTree = "<group>"; };
		2A68DEE81EE834D100ECC730 /* NSString+Additions.h */ = {isa = PBXFileReference; fileEncoding = 4; lastKnownFileType = sourcecode.c.h; path = "NSString+Additions.h"; sourceTree = "<group>"; };
		2A68DEE91EE834D100ECC730 /* NSString+Additions.m */ = {isa = PBXFileReference; fileEncoding = 4; lastKnownFileType = sourcecode.c.objc; path = "NSString+Additions.m"; sourceTree = "<group>"; };
		2A68DEEB1EE834F100ECC730 /* UIConstant.h */ = {isa = PBXFileReference; fileEncoding = 4; lastKnownFileType = sourcecode.c.h; path = UIConstant.h; sourceTree = "<group>"; };
		2A68DEED1EE835E800ECC730 /* Enesco-Prefix.pch */ = {isa = PBXFileReference; lastKnownFileType = sourcecode.c.h; path = "Enesco-Prefix.pch"; sourceTree = "<group>"; };
		2AD96B691ED9947300D33D2B /* NSCalendar+XMGExtension.h */ = {isa = PBXFileReference; fileEncoding = 4; lastKnownFileType = sourcecode.c.h; name = "NSCalendar+XMGExtension.h"; path = "Category/NSCalendar+XMGExtension.h"; sourceTree = "<group>"; };
		2AD96B6A1ED9947300D33D2B /* NSCalendar+XMGExtension.m */ = {isa = PBXFileReference; fileEncoding = 4; lastKnownFileType = sourcecode.c.objc; name = "NSCalendar+XMGExtension.m"; path = "Category/NSCalendar+XMGExtension.m"; sourceTree = "<group>"; };
		2AD96B6D1ED9947300D33D2B /* NSString+XMGExtension.h */ = {isa = PBXFileReference; fileEncoding = 4; lastKnownFileType = sourcecode.c.h; name = "NSString+XMGExtension.h"; path = "Category/NSString+XMGExtension.h"; sourceTree = "<group>"; };
		2AD96B6E1ED9947300D33D2B /* NSString+XMGExtension.m */ = {isa = PBXFileReference; fileEncoding = 4; lastKnownFileType = sourcecode.c.objc; name = "NSString+XMGExtension.m"; path = "Category/NSString+XMGExtension.m"; sourceTree = "<group>"; };
		2AD96B6F1ED9947300D33D2B /* UIBarButtonItem+XMGExtension.h */ = {isa = PBXFileReference; fileEncoding = 4; lastKnownFileType = sourcecode.c.h; name = "UIBarButtonItem+XMGExtension.h"; path = "Category/UIBarButtonItem+XMGExtension.h"; sourceTree = "<group>"; };
		2AD96B701ED9947300D33D2B /* UIBarButtonItem+XMGExtension.m */ = {isa = PBXFileReference; fileEncoding = 4; lastKnownFileType = sourcecode.c.objc; name = "UIBarButtonItem+XMGExtension.m"; path = "Category/UIBarButtonItem+XMGExtension.m"; sourceTree = "<group>"; };
		2AD96B711ED9947300D33D2B /* UIImage+XMGExtension.h */ = {isa = PBXFileReference; fileEncoding = 4; lastKnownFileType = sourcecode.c.h; name = "UIImage+XMGExtension.h"; path = "Category/UIImage+XMGExtension.h"; sourceTree = "<group>"; };
		2AD96B721ED9947300D33D2B /* UIImage+XMGExtension.m */ = {isa = PBXFileReference; fileEncoding = 4; lastKnownFileType = sourcecode.c.objc; name = "UIImage+XMGExtension.m"; path = "Category/UIImage+XMGExtension.m"; sourceTree = "<group>"; };
		2AD96B731ED9947300D33D2B /* UIImageView+XMGExtension.h */ = {isa = PBXFileReference; fileEncoding = 4; lastKnownFileType = sourcecode.c.h; name = "UIImageView+XMGExtension.h"; path = "Category/UIImageView+XMGExtension.h"; sourceTree = "<group>"; };
		2AD96B741ED9947300D33D2B /* UIImageView+XMGExtension.m */ = {isa = PBXFileReference; fileEncoding = 4; lastKnownFileType = sourcecode.c.objc; name = "UIImageView+XMGExtension.m"; path = "Category/UIImageView+XMGExtension.m"; sourceTree = "<group>"; };
		2AD96B751ED9947300D33D2B /* UITextField+XMGExtension.h */ = {isa = PBXFileReference; fileEncoding = 4; lastKnownFileType = sourcecode.c.h; name = "UITextField+XMGExtension.h"; path = "Category/UITextField+XMGExtension.h"; sourceTree = "<group>"; };
		2AD96B761ED9947300D33D2B /* UITextField+XMGExtension.m */ = {isa = PBXFileReference; fileEncoding = 4; lastKnownFileType = sourcecode.c.objc; name = "UITextField+XMGExtension.m"; path = "Category/UITextField+XMGExtension.m"; sourceTree = "<group>"; };
		2AD96B771ED9947300D33D2B /* UIView+XMGExtension.h */ = {isa = PBXFileReference; fileEncoding = 4; lastKnownFileType = sourcecode.c.h; name = "UIView+XMGExtension.h"; path = "Category/UIView+XMGExtension.h"; sourceTree = "<group>"; };
		2AD96B781ED9947300D33D2B /* UIView+XMGExtension.m */ = {isa = PBXFileReference; fileEncoding = 4; lastKnownFileType = sourcecode.c.objc; name = "UIView+XMGExtension.m"; path = "Category/UIView+XMGExtension.m"; sourceTree = "<group>"; };
		2AD96B811EDE723200D33D2B /* SEMainViewController.h */ = {isa = PBXFileReference; fileEncoding = 4; lastKnownFileType = sourcecode.c.h; path = SEMainViewController.h; sourceTree = "<group>"; };
		2AD96B821EDE723200D33D2B /* SEMainViewController.m */ = {isa = PBXFileReference; fileEncoding = 4; lastKnownFileType = sourcecode.c.objc; path = SEMainViewController.m; sourceTree = "<group>"; };
		2AD96B831EDE723200D33D2B /* SEMainViewController.xib */ = {isa = PBXFileReference; fileEncoding = 4; lastKnownFileType = file.xib; path = SEMainViewController.xib; sourceTree = "<group>"; };
		2AD96B861EDE849200D33D2B /* SEMusicViewController.h */ = {isa = PBXFileReference; fileEncoding = 4; lastKnownFileType = sourcecode.c.h; path = SEMusicViewController.h; sourceTree = "<group>"; };
		2AD96B871EDE849200D33D2B /* SEMusicViewController.m */ = {isa = PBXFileReference; fileEncoding = 4; lastKnownFileType = sourcecode.c.objc; path = SEMusicViewController.m; sourceTree = "<group>"; };
		2AD96B8A1EDEA44A00D33D2B /* XMGTabBar.h */ = {isa = PBXFileReference; fileEncoding = 4; lastKnownFileType = sourcecode.c.h; name = XMGTabBar.h; path = Controller/XMGTabBar.h; sourceTree = "<group>"; };
		2AD96B8B1EDEA44A00D33D2B /* XMGTabBar.m */ = {isa = PBXFileReference; fileEncoding = 4; lastKnownFileType = sourcecode.c.objc; name = XMGTabBar.m; path = Controller/XMGTabBar.m; sourceTree = "<group>"; };
		2AD96B8C1EDEA44A00D33D2B /* XMGTabBarController.h */ = {isa = PBXFileReference; fileEncoding = 4; lastKnownFileType = sourcecode.c.h; name = XMGTabBarController.h; path = Controller/XMGTabBarController.h; sourceTree = "<group>"; };
		2AD96B8D1EDEA44A00D33D2B /* XMGTabBarController.m */ = {isa = PBXFileReference; fileEncoding = 4; lastKnownFileType = sourcecode.c.objc; name = XMGTabBarController.m; path = Controller/XMGTabBarController.m; sourceTree = "<group>"; };
		2AD96B901EDEA4BD00D33D2B /* SEMeViewController.h */ = {isa = PBXFileReference; fileEncoding = 4; lastKnownFileType = sourcecode.c.h; path = SEMeViewController.h; sourceTree = "<group>"; };
		2AD96B911EDEA4BD00D33D2B /* SEMeViewController.m */ = {isa = PBXFileReference; fileEncoding = 4; lastKnownFileType = sourcecode.c.objc; path = SEMeViewController.m; sourceTree = "<group>"; };
		2AD96B941EDEA61C00D33D2B /* BottomView.h */ = {isa = PBXFileReference; fileEncoding = 4; lastKnownFileType = sourcecode.c.h; path = BottomView.h; sourceTree = "<group>"; };
		2AD96B951EDEA61C00D33D2B /* BottomView.m */ = {isa = PBXFileReference; fileEncoding = 4; lastKnownFileType = sourcecode.c.objc; path = BottomView.m; sourceTree = "<group>"; };
		2AD96B971EDEA64B00D33D2B /* BottomView.xib */ = {isa = PBXFileReference; fileEncoding = 4; lastKnownFileType = file.xib; path = BottomView.xib; sourceTree = "<group>"; };
		2AF8D2631EDEC91500CF45C8 /* SENavigationController.h */ = {isa = PBXFileReference; fileEncoding = 4; lastKnownFileType = sourcecode.c.h; path = SENavigationController.h; sourceTree = "<group>"; };
		2AF8D2641EDEC91500CF45C8 /* SENavigationController.m */ = {isa = PBXFileReference; fileEncoding = 4; lastKnownFileType = sourcecode.c.objc; path = SENavigationController.m; sourceTree = "<group>"; };
		2AF8D2671EDECBCC00CF45C8 /* cloud.gif */ = {isa = PBXFileReference; lastKnownFileType = image.gif; path = cloud.gif; sourceTree = "<group>"; };
		2AF8D2691EDECBD300CF45C8 /* Cloud.mp3 */ = {isa = PBXFileReference; lastKnownFileType = audio.mp3; path = Cloud.mp3; sourceTree = "<group>"; };
		2AF8D26B1EDECBE700CF45C8 /* Nature.gif */ = {isa = PBXFileReference; lastKnownFileType = image.gif; path = Nature.gif; sourceTree = "<group>"; };
		2AF8D26D1EDECBF300CF45C8 /* Stream.gif */ = {isa = PBXFileReference; lastKnownFileType = image.gif; path = Stream.gif; sourceTree = "<group>"; };
		2AF8D26F1EDECBF600CF45C8 /* Stream.mp3 */ = {isa = PBXFileReference; lastKnownFileType = audio.mp3; path = Stream.mp3; sourceTree = "<group>"; };
		2AF8D2711EDECC0000CF45C8 /* wood ring.wav */ = {isa = PBXFileReference; lastKnownFileType = audio.wav; path = "wood ring.wav"; sourceTree = "<group>"; };
		2AF8D2731EDECC0300CF45C8 /* wood.png */ = {isa = PBXFileReference; lastKnownFileType = image.png; path = wood.png; sourceTree = "<group>"; };
		2AF8D2751EDECC0C00CF45C8 /* Silent.png */ = {isa = PBXFileReference; lastKnownFileType = image.png; path = Silent.png; sourceTree = "<group>"; };
		2AF8D2771EDECC2500CF45C8 /* Nature 2.mp3 */ = {isa = PBXFileReference; lastKnownFileType = audio.mp3; path = "Nature 2.mp3"; sourceTree = "<group>"; };
		2AF8D2791EDECC2F00CF45C8 /* metal ring.wav */ = {isa = PBXFileReference; lastKnownFileType = audio.wav; path = "metal ring.wav"; sourceTree = "<group>"; };
		2AF8D27A1EDECC2F00CF45C8 /* Metal_bell3times.mp3 */ = {isa = PBXFileReference; lastKnownFileType = audio.mp3; path = Metal_bell3times.mp3; sourceTree = "<group>"; };
		2AF8D27E1EDED0DF00CF45C8 /* Base */ = {isa = PBXFileReference; lastKnownFileType = file.storyboard; name = Base; path = Base.lproj/Main.storyboard; sourceTree = "<group>"; };
		2AF8D2801EDED15D00CF45C8 /* ViewController.h */ = {isa = PBXFileReference; fileEncoding = 4; lastKnownFileType = sourcecode.c.h; path = ViewController.h; sourceTree = "<group>"; };
		2AF8D2811EDED15D00CF45C8 /* ViewController.m */ = {isa = PBXFileReference; fileEncoding = 4; lastKnownFileType = sourcecode.c.objc; path = ViewController.m; sourceTree = "<group>"; };
		3C95498931D6D524D02F7734 /* Pods-SitEnjoy.debug.xcconfig */ = {isa = PBXFileReference; includeInIndex = 1; lastKnownFileType = text.xcconfig; name = "Pods-SitEnjoy.debug.xcconfig"; path = "Pods/Target Support Files/Pods-SitEnjoy/Pods-SitEnjoy.debug.xcconfig"; sourceTree = "<group>"; };
		4ECE98101CC2D451E5D19B8A /* Pods-SitEnjoy.release.xcconfig */ = {isa = PBXFileReference; includeInIndex = 1; lastKnownFileType = text.xcconfig; name = "Pods-SitEnjoy.release.xcconfig"; path = "Pods/Target Support Files/Pods-SitEnjoy/Pods-SitEnjoy.release.xcconfig"; sourceTree = "<group>"; };
		E00FA2902E81BD89A25023A0 /* libPods-SitEnjoy.a */ = {isa = PBXFileReference; explicitFileType = archive.ar; includeInIndex = 0; path = "libPods-SitEnjoy.a"; sourceTree = BUILT_PRODUCTS_DIR; };
/* End PBXFileReference section */

/* Begin PBXFrameworksBuildPhase section */
		2A3ECF9B1ED98DBC00C130AF /* Frameworks */ = {
			isa = PBXFrameworksBuildPhase;
			buildActionMask = 2147483647;
			files = (
				9D2B5EAD206D745A3D536FFB /* libPods-SitEnjoy.a in Frameworks */,
			);
			runOnlyForDeploymentPostprocessing = 0;
		};
		2A3ECFB41ED98DBD00C130AF /* Frameworks */ = {
			isa = PBXFrameworksBuildPhase;
			buildActionMask = 2147483647;
			files = (
			);
			runOnlyForDeploymentPostprocessing = 0;
		};
		2A3ECFBF1ED98DBD00C130AF /* Frameworks */ = {
			isa = PBXFrameworksBuildPhase;
			buildActionMask = 2147483647;
			files = (
			);
			runOnlyForDeploymentPostprocessing = 0;
		};
/* End PBXFrameworksBuildPhase section */

/* Begin PBXGroup section */
		155F97549586F30464366B91 /* Pods */ = {
			isa = PBXGroup;
			children = (
				3C95498931D6D524D02F7734 /* Pods-SitEnjoy.debug.xcconfig */,
				4ECE98101CC2D451E5D19B8A /* Pods-SitEnjoy.release.xcconfig */,
			);
			name = Pods;
			sourceTree = "<group>";
		};
		2A3ECF951ED98DBC00C130AF = {
			isa = PBXGroup;
			children = (
				2A3ECFA01ED98DBC00C130AF /* SitEnjoy */,
				2A3ECFBA1ED98DBD00C130AF /* SitEnjoyTests */,
				2A3ECFC51ED98DBD00C130AF /* SitEnjoyUITests */,
				2A3ECF9F1ED98DBC00C130AF /* Products */,
				155F97549586F30464366B91 /* Pods */,
				6D6B8D164822CC671F17BCB2 /* Frameworks */,
			);
			sourceTree = "<group>";
		};
		2A3ECF9F1ED98DBC00C130AF /* Products */ = {
			isa = PBXGroup;
			children = (
				2A3ECF9E1ED98DBC00C130AF /* SitEnjoy.app */,
				2A3ECFB71ED98DBD00C130AF /* SitEnjoyTests.xctest */,
				2A3ECFC21ED98DBD00C130AF /* SitEnjoyUITests.xctest */,
			);
			name = Products;
			sourceTree = "<group>";
		};
		2A3ECFA01ED98DBC00C130AF /* SitEnjoy */ = {
			isa = PBXGroup;
			children = (
				2A68DE941EE8330800ECC730 /* Resources */,
				2AD96B601ED992D700D33D2B /* Classes */,
				2A3ECFA41ED98DBD00C130AF /* AppDelegate.h */,
				2A3ECFA51ED98DBD00C130AF /* AppDelegate.m */,
				2AF8D2801EDED15D00CF45C8 /* ViewController.h */,
				2AF8D2811EDED15D00CF45C8 /* ViewController.m */,
				2AF8D27D1EDED0DF00CF45C8 /* Main.storyboard */,
				2A3ECFAD1ED98DBD00C130AF /* Assets.xcassets */,
				2A3ECFAF1ED98DBD00C130AF /* LaunchScreen.storyboard */,
				2A3ECFB21ED98DBD00C130AF /* Info.plist */,
				2A3ECFA11ED98DBD00C130AF /* Supporting Files */,
			);
			path = SitEnjoy;
			sourceTree = "<group>";
		};
		2A3ECFA11ED98DBD00C130AF /* Supporting Files */ = {
			isa = PBXGroup;
			children = (
				2AF8D2661EDECBC300CF45C8 /* gif */,
				2A3ECFA21ED98DBD00C130AF /* main.m */,
				2A68DEED1EE835E800ECC730 /* Enesco-Prefix.pch */,
			);
			name = "Supporting Files";
			sourceTree = "<group>";
		};
		2A3ECFBA1ED98DBD00C130AF /* SitEnjoyTests */ = {
			isa = PBXGroup;
			children = (
				2A3ECFBB1ED98DBD00C130AF /* SitEnjoyTests.m */,
				2A3ECFBD1ED98DBD00C130AF /* Info.plist */,
			);
			path = SitEnjoyTests;
			sourceTree = "<group>";
		};
		2A3ECFC51ED98DBD00C130AF /* SitEnjoyUITests */ = {
			isa = PBXGroup;
			children = (
				2A3ECFC61ED98DBD00C130AF /* SitEnjoyUITests.m */,
				2A3ECFC81ED98DBD00C130AF /* Info.plist */,
			);
			path = SitEnjoyUITests;
			sourceTree = "<group>";
		};
		2A68DE941EE8330800ECC730 /* Resources */ = {
			isa = PBXGroup;
			children = (
				2A68DEA11EE8336700ECC730 /* 1770040300_2031329_l.mp3 */,
				2A68DEA21EE8336700ECC730 /* 1770059653_2050944_l.mp3 */,
				2A68DEA31EE8336700ECC730 /* 1771694697_4194836_l.mp3 */,
				2A68DE951EE8331D00ECC730 /* 01 为什么用坐享这个词.mp3 */,
				2A68DE961EE8331D00ECC730 /* 02 什么是元认知能力.mp3 */,
				2A68DE971EE8331D00ECC730 /* 03 如何开始坐享.mp3 */,
				2A68DE981EE8331D00ECC730 /* 04 第一次坐享辅导.mp3 */,
				2A68DE991EE8331D00ECC730 /* 05 海声.mp3 */,
			);
			name = Resources;
			sourceTree = "<group>";
		};
		2A68DEA71EE833E400ECC730 /* Entities */ = {
			isa = PBXGroup;
			children = (
				2A68DEA81EE833E400ECC730 /* BaseEntity.h */,
				2A68DEA91EE833E400ECC730 /* BaseEntity.m */,
				2A68DEAA1EE833E400ECC730 /* MusicEntity.h */,
				2A68DEAB1EE833E400ECC730 /* MusicEntity.m */,
				2A68DEAC1EE833E400ECC730 /* MusicListEntity.h */,
				2A68DEAD1EE833E400ECC730 /* MusicListEntity.m */,
			);
			path = Entities;
			sourceTree = "<group>";
		};
		2A68DEB11EE8340B00ECC730 /* Views */ = {
			isa = PBXGroup;
			children = (
				2A68DEB21EE8340B00ECC730 /* Music */,
				2A68DEB81EE8340B00ECC730 /* MusicList */,
			);
			path = Views;
			sourceTree = "<group>";
		};
		2A68DEB21EE8340B00ECC730 /* Music */ = {
			isa = PBXGroup;
			children = (
				2A68DEB31EE8340B00ECC730 /* Music.storyboard */,
				2A68DEB41EE8340B00ECC730 /* MusicIndicator.h */,
				2A68DEB51EE8340B00ECC730 /* MusicIndicator.m */,
				2A68DEB61EE8340B00ECC730 /* MusicSlider.h */,
				2A68DEB71EE8340B00ECC730 /* MusicSlider.m */,
			);
			path = Music;
			sourceTree = "<group>";
		};
		2A68DEB81EE8340B00ECC730 /* MusicList */ = {
			isa = PBXGroup;
			children = (
				2A68DEB91EE8340B00ECC730 /* MusicList.storyboard */,
				2A68DEBA1EE8340B00ECC730 /* MusicListCell.h */,
				2A68DEBB1EE8340B00ECC730 /* MusicListCell.m */,
			);
			path = MusicList;
			sourceTree = "<group>";
		};
		2A68DEC11EE8341900ECC730 /* Controllers */ = {
			isa = PBXGroup;
			children = (
				2A68DEC21EE8341900ECC730 /* Music */,
				2A68DEC51EE8341900ECC730 /* MusicList */,
			);
			path = Controllers;
			sourceTree = "<group>";
		};
		2A68DEC21EE8341900ECC730 /* Music */ = {
			isa = PBXGroup;
			children = (
				2A68DEC31EE8341900ECC730 /* MusicViewController.h */,
				2A68DEC41EE8341900ECC730 /* MusicViewController.m */,
			);
			path = Music;
			sourceTree = "<group>";
		};
		2A68DEC51EE8341900ECC730 /* MusicList */ = {
			isa = PBXGroup;
			children = (
				2A68DEC61EE8341900ECC730 /* music_list.json */,
				2A68DEC71EE8341900ECC730 /* MusicListViewController.h */,
				2A68DEC81EE8341900ECC730 /* MusicListViewController.m */,
			);
			path = MusicList;
			sourceTree = "<group>";
		};
		2A68DECE1EE8346200ECC730 /* DOUAudioStreamer */ = {
			isa = PBXGroup;
			children = (
				2A68DECC1EE8346200ECC730 /* Track.h */,
				2A68DECD1EE8346200ECC730 /* Track.m */,
			);
			path = DOUAudioStreamer;
			sourceTree = "<group>";
		};
		2A68DED31EE8346200ECC730 /* NAKPlaybackIndicatorView */ = {
			isa = PBXGroup;
			children = (
				2A68DECF1EE8346200ECC730 /* NAKPlaybackIndicatorContentView.h */,
				2A68DED01EE8346200ECC730 /* NAKPlaybackIndicatorContentView.m */,
				2A68DED11EE8346200ECC730 /* NAKPlaybackIndicatorView.h */,
				2A68DED21EE8346200ECC730 /* NAKPlaybackIndicatorView.m */,
			);
			path = NAKPlaybackIndicatorView;
			sourceTree = "<group>";
		};
		2A68DED41EE8346200ECC730 /* Thirdparty */ = {
			isa = PBXGroup;
			children = (
				2A68DECE1EE8346200ECC730 /* DOUAudioStreamer */,
				2A68DED31EE8346200ECC730 /* NAKPlaybackIndicatorView */,
			);
			name = Thirdparty;
			path = "../../../学习资料/1219-音乐播放器:视频播放/播放器/ESTMusicPlayer-master/Enesco/Thirdparty";
			sourceTree = "<group>";
		};
		2A68DED81EE834A300ECC730 /* GVUserDefaults */ = {
			isa = PBXGroup;
			children = (
				2A68DED91EE834A300ECC730 /* GVUserDefaults+Properties.h */,
				2A68DEDA1EE834A300ECC730 /* GVUserDefaults+Properties.m */,
			);
			path = GVUserDefaults;
			sourceTree = "<group>";
		};
		2A68DEDC1EE834BB00ECC730 /* Handlers */ = {
			isa = PBXGroup;
			children = (
				2A68DEDD1EE834BB00ECC730 /* BaseHelper.h */,
				2A68DEDE1EE834BB00ECC730 /* BaseHelper.m */,
				2A68DEDF1EE834BB00ECC730 /* MusicHandler.h */,
				2A68DEE01EE834BB00ECC730 /* MusicHandler.m */,
			);
			path = Handlers;
			sourceTree = "<group>";
		};
		2A68DEE51EE834CD00ECC730 /* UIView */ = {
			isa = PBXGroup;
			children = (
				2A68DEE31EE834CD00ECC730 /* UIView+Animations.h */,
				2A68DEE41EE834CD00ECC730 /* UIView+Animations.m */,
			);
			name = UIView;
			path = "../../../学习资料/1219-音乐播放器:视频播放/播放器/ESTMusicPlayer-master/Enesco/Categories/UIView";
			sourceTree = "<group>";
		};
		2A68DEE71EE834D100ECC730 /* NSString */ = {
			isa = PBXGroup;
			children = (
				2A68DEE81EE834D100ECC730 /* NSString+Additions.h */,
				2A68DEE91EE834D100ECC730 /* NSString+Additions.m */,
			);
			path = NSString;
			sourceTree = "<group>";
		};
		2A68DEEC1EE834F100ECC730 /* Macros */ = {
			isa = PBXGroup;
			children = (
				2A68DEEB1EE834F100ECC730 /* UIConstant.h */,
			);
			name = Macros;
			path = "../../../学习资料/1219-音乐播放器:视频播放/播放器/ESTMusicPlayer-master/Enesco/Macros";
			sourceTree = "<group>";
		};
		2AD96B601ED992D700D33D2B /* Classes */ = {
			isa = PBXGroup;
			children = (
				2AD96B641ED9934E00D33D2B /* Dairy-日记 */,
				2AD96B631ED9934000D33D2B /* Me-我 */,
				2AD96B621ED9932500D33D2B /* Music-播放 */,
				2AD96B611ED9930C00D33D2B /* Main-主页 */,
				2AD96B651ED993BA00D33D2B /* Other-其他 */,
			);
			name = Classes;
			sourceTree = "<group>";
		};
		2AD96B611ED9930C00D33D2B /* Main-主页 */ = {
			isa = PBXGroup;
			children = (
				2AD96B931EDEA60200D33D2B /* View */,
				2AD96B811EDE723200D33D2B /* SEMainViewController.h */,
				2AD96B821EDE723200D33D2B /* SEMainViewController.m */,
				2AD96B831EDE723200D33D2B /* SEMainViewController.xib */,
			);
			name = "Main-主页";
			sourceTree = "<group>";
		};
		2AD96B621ED9932500D33D2B /* Music-播放 */ = {
			isa = PBXGroup;
			children = (
				2A68DEC11EE8341900ECC730 /* Controllers */,
				2A68DEB11EE8340B00ECC730 /* Views */,
				2A68DEA71EE833E400ECC730 /* Entities */,
				2AD96B861EDE849200D33D2B /* SEMusicViewController.h */,
				2AD96B871EDE849200D33D2B /* SEMusicViewController.m */,
			);
			name = "Music-播放";
			sourceTree = "<group>";
		};
		2AD96B631ED9934000D33D2B /* Me-我 */ = {
			isa = PBXGroup;
			children = (
				2AD96B901EDEA4BD00D33D2B /* SEMeViewController.h */,
				2AD96B911EDEA4BD00D33D2B /* SEMeViewController.m */,
			);
			name = "Me-我";
			sourceTree = "<group>";
		};
		2AD96B641ED9934E00D33D2B /* Dairy-日记 */ = {
			isa = PBXGroup;
			children = (
			);
			name = "Dairy-日记";
			sourceTree = "<group>";
		};
		2AD96B651ED993BA00D33D2B /* Other-其他 */ = {
			isa = PBXGroup;
			children = (
				2A68DEEC1EE834F100ECC730 /* Macros */,
				2A68DEDC1EE834BB00ECC730 /* Handlers */,
				2A68DED41EE8346200ECC730 /* Thirdparty */,
				2AD96B891EDEA41300D33D2B /* Controller */,
				2AD96B681ED9945000D33D2B /* Category */,
			);
			name = "Other-其他";
			sourceTree = "<group>";
		};
		2AD96B681ED9945000D33D2B /* Category */ = {
			isa = PBXGroup;
			children = (
				2A68DEE71EE834D100ECC730 /* NSString */,
				2A68DEE51EE834CD00ECC730 /* UIView */,
				2A68DED81EE834A300ECC730 /* GVUserDefaults */,
				2AD96B691ED9947300D33D2B /* NSCalendar+XMGExtension.h */,
				2AD96B6A1ED9947300D33D2B /* NSCalendar+XMGExtension.m */,
				2AD96B6D1ED9947300D33D2B /* NSString+XMGExtension.h */,
				2AD96B6E1ED9947300D33D2B /* NSString+XMGExtension.m */,
				2AD96B6F1ED9947300D33D2B /* UIBarButtonItem+XMGExtension.h */,
				2AD96B701ED9947300D33D2B /* UIBarButtonItem+XMGExtension.m */,
				2AD96B711ED9947300D33D2B /* UIImage+XMGExtension.h */,
				2AD96B721ED9947300D33D2B /* UIImage+XMGExtension.m */,
				2AD96B731ED9947300D33D2B /* UIImageView+XMGExtension.h */,
				2AD96B741ED9947300D33D2B /* UIImageView+XMGExtension.m */,
				2AD96B751ED9947300D33D2B /* UITextField+XMGExtension.h */,
				2AD96B761ED9947300D33D2B /* UITextField+XMGExtension.m */,
				2AD96B771ED9947300D33D2B /* UIView+XMGExtension.h */,
				2AD96B781ED9947300D33D2B /* UIView+XMGExtension.m */,
			);
			name = Category;
			sourceTree = "<group>";
		};
		2AD96B891EDEA41300D33D2B /* Controller */ = {
			isa = PBXGroup;
			children = (
				2AD96B8A1EDEA44A00D33D2B /* XMGTabBar.h */,
				2AD96B8B1EDEA44A00D33D2B /* XMGTabBar.m */,
				2AD96B8C1EDEA44A00D33D2B /* XMGTabBarController.h */,
				2AD96B8D1EDEA44A00D33D2B /* XMGTabBarController.m */,
				2AF8D2631EDEC91500CF45C8 /* SENavigationController.h */,
				2AF8D2641EDEC91500CF45C8 /* SENavigationController.m */,
			);
			name = Controller;
			sourceTree = "<group>";
		};
		2AD96B931EDEA60200D33D2B /* View */ = {
			isa = PBXGroup;
			children = (
				2AD96B941EDEA61C00D33D2B /* BottomView.h */,
				2AD96B951EDEA61C00D33D2B /* BottomView.m */,
				2AD96B971EDEA64B00D33D2B /* BottomView.xib */,
			);
			name = View;
			sourceTree = "<group>";
		};
		2AF8D2661EDECBC300CF45C8 /* gif */ = {
			isa = PBXGroup;
			children = (
				2AF8D26B1EDECBE700CF45C8 /* Nature.gif */,
				2AF8D26D1EDECBF300CF45C8 /* Stream.gif */,
				2AF8D2791EDECC2F00CF45C8 /* metal ring.wav */,
				2AF8D27A1EDECC2F00CF45C8 /* Metal_bell3times.mp3 */,
				2AF8D2711EDECC0000CF45C8 /* wood ring.wav */,
				2AF8D26F1EDECBF600CF45C8 /* Stream.mp3 */,
				2AF8D2771EDECC2500CF45C8 /* Nature 2.mp3 */,
				2AF8D2671EDECBCC00CF45C8 /* cloud.gif */,
				2AF8D2731EDECC0300CF45C8 /* wood.png */,
				2AF8D2691EDECBD300CF45C8 /* Cloud.mp3 */,
				2AF8D2751EDECC0C00CF45C8 /* Silent.png */,
			);
			name = gif;
			sourceTree = "<group>";
		};
		6D6B8D164822CC671F17BCB2 /* Frameworks */ = {
			isa = PBXGroup;
			children = (
				E00FA2902E81BD89A25023A0 /* libPods-SitEnjoy.a */,
			);
			name = Frameworks;
			sourceTree = "<group>";
		};
/* End PBXGroup section */

/* Begin PBXNativeTarget section */
		2A3ECF9D1ED98DBC00C130AF /* SitEnjoy */ = {
			isa = PBXNativeTarget;
			buildConfigurationList = 2A3ECFCB1ED98DBD00C130AF /* Build configuration list for PBXNativeTarget "SitEnjoy" */;
			buildPhases = (
				24316BC2AC05D261ADD4E531 /* [CP] Check Pods Manifest.lock */,
				2A3ECF9A1ED98DBC00C130AF /* Sources */,
				2A3ECF9B1ED98DBC00C130AF /* Frameworks */,
				2A3ECF9C1ED98DBC00C130AF /* Resources */,
				C24C1DB70DA8BD71FFCBB651 /* [CP] Embed Pods Frameworks */,
				D34EF57CDD31D0CFADBCFF7E /* [CP] Copy Pods Resources */,
			);
			buildRules = (
			);
			dependencies = (
			);
			name = SitEnjoy;
			productName = SitEnjoy;
			productReference = 2A3ECF9E1ED98DBC00C130AF /* SitEnjoy.app */;
			productType = "com.apple.product-type.application";
		};
		2A3ECFB61ED98DBD00C130AF /* SitEnjoyTests */ = {
			isa = PBXNativeTarget;
			buildConfigurationList = 2A3ECFCE1ED98DBD00C130AF /* Build configuration list for PBXNativeTarget "SitEnjoyTests" */;
			buildPhases = (
				2A3ECFB31ED98DBD00C130AF /* Sources */,
				2A3ECFB41ED98DBD00C130AF /* Frameworks */,
				2A3ECFB51ED98DBD00C130AF /* Resources */,
			);
			buildRules = (
			);
			dependencies = (
				2A3ECFB91ED98DBD00C130AF /* PBXTargetDependency */,
			);
			name = SitEnjoyTests;
			productName = SitEnjoyTests;
			productReference = 2A3ECFB71ED98DBD00C130AF /* SitEnjoyTests.xctest */;
			productType = "com.apple.product-type.bundle.unit-test";
		};
		2A3ECFC11ED98DBD00C130AF /* SitEnjoyUITests */ = {
			isa = PBXNativeTarget;
			buildConfigurationList = 2A3ECFD11ED98DBD00C130AF /* Build configuration list for PBXNativeTarget "SitEnjoyUITests" */;
			buildPhases = (
				2A3ECFBE1ED98DBD00C130AF /* Sources */,
				2A3ECFBF1ED98DBD00C130AF /* Frameworks */,
				2A3ECFC01ED98DBD00C130AF /* Resources */,
			);
			buildRules = (
			);
			dependencies = (
				2A3ECFC41ED98DBD00C130AF /* PBXTargetDependency */,
			);
			name = SitEnjoyUITests;
			productName = SitEnjoyUITests;
			productReference = 2A3ECFC21ED98DBD00C130AF /* SitEnjoyUITests.xctest */;
			productType = "com.apple.product-type.bundle.ui-testing";
		};
/* End PBXNativeTarget section */

/* Begin PBXProject section */
		2A3ECF961ED98DBC00C130AF /* Project object */ = {
			isa = PBXProject;
			attributes = {
				LastUpgradeCheck = 0830;
				ORGANIZATIONNAME = WP;
				TargetAttributes = {
					2A3ECF9D1ED98DBC00C130AF = {
						CreatedOnToolsVersion = 8.3.1;
						DevelopmentTeam = RLW446F9SR;
						ProvisioningStyle = Automatic;
					};
					2A3ECFB61ED98DBD00C130AF = {
						CreatedOnToolsVersion = 8.3.1;
						DevelopmentTeam = RLW446F9SR;
						ProvisioningStyle = Automatic;
						TestTargetID = 2A3ECF9D1ED98DBC00C130AF;
					};
					2A3ECFC11ED98DBD00C130AF = {
						CreatedOnToolsVersion = 8.3.1;
						DevelopmentTeam = RLW446F9SR;
						ProvisioningStyle = Automatic;
						TestTargetID = 2A3ECF9D1ED98DBC00C130AF;
					};
				};
			};
			buildConfigurationList = 2A3ECF991ED98DBC00C130AF /* Build configuration list for PBXProject "SitEnjoy" */;
			compatibilityVersion = "Xcode 3.2";
			developmentRegion = English;
			hasScannedForEncodings = 0;
			knownRegions = (
				en,
				Base,
			);
			mainGroup = 2A3ECF951ED98DBC00C130AF;
			productRefGroup = 2A3ECF9F1ED98DBC00C130AF /* Products */;
			projectDirPath = "";
			projectRoot = "";
			targets = (
				2A3ECF9D1ED98DBC00C130AF /* SitEnjoy */,
				2A3ECFB61ED98DBD00C130AF /* SitEnjoyTests */,
				2A3ECFC11ED98DBD00C130AF /* SitEnjoyUITests */,
			);
		};
/* End PBXProject section */

/* Begin PBXResourcesBuildPhase section */
		2A3ECF9C1ED98DBC00C130AF /* Resources */ = {
			isa = PBXResourcesBuildPhase;
			buildActionMask = 2147483647;
			files = (
				2A68DEBC1EE8340B00ECC730 /* Music.storyboard in Resources */,
				2AF8D2761EDECC0C00CF45C8 /* Silent.png in Resources */,
				2AF8D2681EDECBCC00CF45C8 /* cloud.gif in Resources */,
				2A68DEA41EE8336700ECC730 /* 1770040300_2031329_l.mp3 in Resources */,
				2A68DE9A1EE8331D00ECC730 /* 01 为什么用坐享这个词.mp3 in Resources */,
				2A68DE9E1EE8331D00ECC730 /* 05 海声.mp3 in Resources */,
				2AF8D2721EDECC0000CF45C8 /* wood ring.wav in Resources */,
				2A3ECFB11ED98DBD00C130AF /* LaunchScreen.storyboard in Resources */,
				2A68DE9D1EE8331D00ECC730 /* 04 第一次坐享辅导.mp3 in Resources */,
				2AF8D27B1EDECC2F00CF45C8 /* metal ring.wav in Resources */,
				2AF8D2701EDECBF600CF45C8 /* Stream.mp3 in Resources */,
				2AF8D2781EDECC2500CF45C8 /* Nature 2.mp3 in Resources */,
				2A68DEA51EE8336700ECC730 /* 1770059653_2050944_l.mp3 in Resources */,
				2A68DEBF1EE8340B00ECC730 /* MusicList.storyboard in Resources */,
				2AF8D26A1EDECBD300CF45C8 /* Cloud.mp3 in Resources */,
				2AF8D27C1EDECC2F00CF45C8 /* Metal_bell3times.mp3 in Resources */,
				2AD96B981EDEA64B00D33D2B /* BottomView.xib in Resources */,
				2A68DEA61EE8336700ECC730 /* 1771694697_4194836_l.mp3 in Resources */,
				2AD96B851EDE723200D33D2B /* SEMainViewController.xib in Resources */,
				2A68DE9C1EE8331D00ECC730 /* 03 如何开始坐享.mp3 in Resources */,
				2AF8D27F1EDED0DF00CF45C8 /* Main.storyboard in Resources */,
				2AF8D26C1EDECBE700CF45C8 /* Nature.gif in Resources */,
				2A68DECA1EE8341900ECC730 /* music_list.json in Resources */,
				2A68DE9B1EE8331D00ECC730 /* 02 什么是元认知能力.mp3 in Resources */,
				2AF8D2741EDECC0300CF45C8 /* wood.png in Resources */,
				2A3ECFAE1ED98DBD00C130AF /* Assets.xcassets in Resources */,
				2AF8D26E1EDECBF300CF45C8 /* Stream.gif in Resources */,
			);
			runOnlyForDeploymentPostprocessing = 0;
		};
		2A3ECFB51ED98DBD00C130AF /* Resources */ = {
			isa = PBXResourcesBuildPhase;
			buildActionMask = 2147483647;
			files = (
			);
			runOnlyForDeploymentPostprocessing = 0;
		};
		2A3ECFC01ED98DBD00C130AF /* Resources */ = {
			isa = PBXResourcesBuildPhase;
			buildActionMask = 2147483647;
			files = (
			);
			runOnlyForDeploymentPostprocessing = 0;
		};
/* End PBXResourcesBuildPhase section */

/* Begin PBXShellScriptBuildPhase section */
		24316BC2AC05D261ADD4E531 /* [CP] Check Pods Manifest.lock */ = {
			isa = PBXShellScriptBuildPhase;
			buildActionMask = 2147483647;
			files = (
			);
			inputPaths = (
			);
			name = "[CP] Check Pods Manifest.lock";
			outputPaths = (
			);
			runOnlyForDeploymentPostprocessing = 0;
			shellPath = /bin/sh;
			shellScript = "diff \"${PODS_PODFILE_DIR_PATH}/Podfile.lock\" \"${PODS_ROOT}/Manifest.lock\" > /dev/null\nif [ $? != 0 ] ; then\n    # print error to STDERR\n    echo \"error: The sandbox is not in sync with the Podfile.lock. Run 'pod install' or update your CocoaPods installation.\" >&2\n    exit 1\nfi\n";
			showEnvVarsInLog = 0;
		};
		C24C1DB70DA8BD71FFCBB651 /* [CP] Embed Pods Frameworks */ = {
			isa = PBXShellScriptBuildPhase;
			buildActionMask = 2147483647;
			files = (
			);
			inputPaths = (
			);
			name = "[CP] Embed Pods Frameworks";
			outputPaths = (
			);
			runOnlyForDeploymentPostprocessing = 0;
			shellPath = /bin/sh;
			shellScript = "\"${SRCROOT}/Pods/Target Support Files/Pods-SitEnjoy/Pods-SitEnjoy-frameworks.sh\"\n";
			showEnvVarsInLog = 0;
		};
		D34EF57CDD31D0CFADBCFF7E /* [CP] Copy Pods Resources */ = {
			isa = PBXShellScriptBuildPhase;
			buildActionMask = 2147483647;
			files = (
			);
			inputPaths = (
			);
			name = "[CP] Copy Pods Resources";
			outputPaths = (
			);
			runOnlyForDeploymentPostprocessing = 0;
			shellPath = /bin/sh;
			shellScript = "\"${SRCROOT}/Pods/Target Support Files/Pods-SitEnjoy/Pods-SitEnjoy-resources.sh\"\n";
			showEnvVarsInLog = 0;
		};
/* End PBXShellScriptBuildPhase section */

/* Begin PBXSourcesBuildPhase section */
		2A3ECF9A1ED98DBC00C130AF /* Sources */ = {
			isa = PBXSourcesBuildPhase;
			buildActionMask = 2147483647;
			files = (
				2A68DEDB1EE834A300ECC730 /* GVUserDefaults+Properties.m in Sources */,
				2A68DEC91EE8341900ECC730 /* MusicViewController.m in Sources */,
				2AF8D2821EDED15E00CF45C8 /* ViewController.m in Sources */,
				2A68DED71EE8346200ECC730 /* NAKPlaybackIndicatorView.m in Sources */,
				2A68DEE11EE834BB00ECC730 /* BaseHelper.m in Sources */,
				2A68DEE61EE834CD00ECC730 /* UIView+Animations.m in Sources */,
				2A68DEAE1EE833E400ECC730 /* BaseEntity.m in Sources */,
				2AD96B841EDE723200D33D2B /* SEMainViewController.m in Sources */,
				2AD96B881EDE849200D33D2B /* SEMusicViewController.m in Sources */,
				2A3ECFA61ED98DBD00C130AF /* AppDelegate.m in Sources */,
				2AD96B7B1ED9947300D33D2B /* NSString+XMGExtension.m in Sources */,
				2AD96B7C1ED9947300D33D2B /* UIBarButtonItem+XMGExtension.m in Sources */,
				2A68DECB1EE8341900ECC730 /* MusicListViewController.m in Sources */,
				2A68DED61EE8346200ECC730 /* NAKPlaybackIndicatorContentView.m in Sources */,
				2A68DEEA1EE834D100ECC730 /* NSString+Additions.m in Sources */,
				2AD96B8F1EDEA44A00D33D2B /* XMGTabBarController.m in Sources */,
				2AD96B961EDEA61C00D33D2B /* BottomView.m in Sources */,
				2A3ECFA31ED98DBD00C130AF /* main.m in Sources */,
				2A68DEC01EE8340B00ECC730 /* MusicListCell.m in Sources */,
				2AD96B7E1ED9947300D33D2B /* UIImageView+XMGExtension.m in Sources */,
				2AD96B7F1ED9947300D33D2B /* UITextField+XMGExtension.m in Sources */,
				2AD96B8E1EDEA44A00D33D2B /* XMGTabBar.m in Sources */,
				2A68DEE21EE834BB00ECC730 /* MusicHandler.m in Sources */,
				2AD96B801ED9947300D33D2B /* UIView+XMGExtension.m in Sources */,
				2A68DEBE1EE8340B00ECC730 /* MusicSlider.m in Sources */,
				2A68DEB01EE833E400ECC730 /* MusicListEntity.m in Sources */,
				2AF8D2651EDEC91500CF45C8 /* SENavigationController.m in Sources */,
				2AD96B921EDEA4BD00D33D2B /* SEMeViewController.m in Sources */,
				2A68DED51EE8346200ECC730 /* Track.m in Sources */,
				2A68DEAF1EE833E400ECC730 /* MusicEntity.m in Sources */,
				2A68DEBD1EE8340B00ECC730 /* MusicIndicator.m in Sources */,
				2AD96B7D1ED9947300D33D2B /* UIImage+XMGExtension.m in Sources */,
				2AD96B791ED9947300D33D2B /* NSCalendar+XMGExtension.m in Sources */,
			);
			runOnlyForDeploymentPostprocessing = 0;
		};
		2A3ECFB31ED98DBD00C130AF /* Sources */ = {
			isa = PBXSourcesBuildPhase;
			buildActionMask = 2147483647;
			files = (
				2A3ECFBC1ED98DBD00C130AF /* SitEnjoyTests.m in Sources */,
			);
			runOnlyForDeploymentPostprocessing = 0;
		};
		2A3ECFBE1ED98DBD00C130AF /* Sources */ = {
			isa = PBXSourcesBuildPhase;
			buildActionMask = 2147483647;
			files = (
				2A3ECFC71ED98DBD00C130AF /* SitEnjoyUITests.m in Sources */,
			);
			runOnlyForDeploymentPostprocessing = 0;
		};
/* End PBXSourcesBuildPhase section */

/* Begin PBXTargetDependency section */
		2A3ECFB91ED98DBD00C130AF /* PBXTargetDependency */ = {
			isa = PBXTargetDependency;
			target = 2A3ECF9D1ED98DBC00C130AF /* SitEnjoy */;
			targetProxy = 2A3ECFB81ED98DBD00C130AF /* PBXContainerItemProxy */;
		};
		2A3ECFC41ED98DBD00C130AF /* PBXTargetDependency */ = {
			isa = PBXTargetDependency;
			target = 2A3ECF9D1ED98DBC00C130AF /* SitEnjoy */;
			targetProxy = 2A3ECFC31ED98DBD00C130AF /* PBXContainerItemProxy */;
		};
/* End PBXTargetDependency section */

/* Begin PBXVariantGroup section */
		2A3ECFAF1ED98DBD00C130AF /* LaunchScreen.storyboard */ = {
			isa = PBXVariantGroup;
			children = (
				2A3ECFB01ED98DBD00C130AF /* Base */,
			);
			name = LaunchScreen.storyboard;
			sourceTree = "<group>";
		};
		2AF8D27D1EDED0DF00CF45C8 /* Main.storyboard */ = {
			isa = PBXVariantGroup;
			children = (
				2AF8D27E1EDED0DF00CF45C8 /* Base */,
			);
			name = Main.storyboard;
			sourceTree = "<group>";
		};
/* End PBXVariantGroup section */

/* Begin XCBuildConfiguration section */
		2A3ECFC91ED98DBD00C130AF /* Debug */ = {
			isa = XCBuildConfiguration;
			buildSettings = {
				ALWAYS_SEARCH_USER_PATHS = NO;
				CLANG_ANALYZER_NONNULL = YES;
				CLANG_ANALYZER_NUMBER_OBJECT_CONVERSION = YES_AGGRESSIVE;
				CLANG_CXX_LANGUAGE_STANDARD = "gnu++0x";
				CLANG_CXX_LIBRARY = "libc++";
				CLANG_ENABLE_MODULES = YES;
				CLANG_ENABLE_OBJC_ARC = YES;
				CLANG_WARN_BOOL_CONVERSION = YES;
				CLANG_WARN_CONSTANT_CONVERSION = YES;
				CLANG_WARN_DIRECT_OBJC_ISA_USAGE = YES_ERROR;
				CLANG_WARN_DOCUMENTATION_COMMENTS = YES;
				CLANG_WARN_EMPTY_BODY = YES;
				CLANG_WARN_ENUM_CONVERSION = YES;
				CLANG_WARN_INFINITE_RECURSION = YES;
				CLANG_WARN_INT_CONVERSION = YES;
				CLANG_WARN_OBJC_ROOT_CLASS = YES_ERROR;
				CLANG_WARN_SUSPICIOUS_MOVE = YES;
				CLANG_WARN_UNREACHABLE_CODE = YES;
				CLANG_WARN__DUPLICATE_METHOD_MATCH = YES;
				"CODE_SIGN_IDENTITY[sdk=iphoneos*]" = "iPhone Developer";
				COPY_PHASE_STRIP = NO;
				DEBUG_INFORMATION_FORMAT = dwarf;
				ENABLE_STRICT_OBJC_MSGSEND = YES;
				ENABLE_TESTABILITY = YES;
				GCC_C_LANGUAGE_STANDARD = gnu99;
				GCC_DYNAMIC_NO_PIC = NO;
				GCC_NO_COMMON_BLOCKS = YES;
				GCC_OPTIMIZATION_LEVEL = 0;
				GCC_PREPROCESSOR_DEFINITIONS = (
					"DEBUG=1",
					"$(inherited)",
				);
				GCC_WARN_64_TO_32_BIT_CONVERSION = YES;
				GCC_WARN_ABOUT_RETURN_TYPE = YES_ERROR;
				GCC_WARN_UNDECLARED_SELECTOR = YES;
				GCC_WARN_UNINITIALIZED_AUTOS = YES_AGGRESSIVE;
				GCC_WARN_UNUSED_FUNCTION = YES;
				GCC_WARN_UNUSED_VARIABLE = YES;
				IPHONEOS_DEPLOYMENT_TARGET = 10.3;
				MTL_ENABLE_DEBUG_INFO = YES;
				ONLY_ACTIVE_ARCH = YES;
				SDKROOT = iphoneos;
			};
			name = Debug;
		};
		2A3ECFCA1ED98DBD00C130AF /* Release */ = {
			isa = XCBuildConfiguration;
			buildSettings = {
				ALWAYS_SEARCH_USER_PATHS = NO;
				CLANG_ANALYZER_NONNULL = YES;
				CLANG_ANALYZER_NUMBER_OBJECT_CONVERSION = YES_AGGRESSIVE;
				CLANG_CXX_LANGUAGE_STANDARD = "gnu++0x";
				CLANG_CXX_LIBRARY = "libc++";
				CLANG_ENABLE_MODULES = YES;
				CLANG_ENABLE_OBJC_ARC = YES;
				CLANG_WARN_BOOL_CONVERSION = YES;
				CLANG_WARN_CONSTANT_CONVERSION = YES;
				CLANG_WARN_DIRECT_OBJC_ISA_USAGE = YES_ERROR;
				CLANG_WARN_DOCUMENTATION_COMMENTS = YES;
				CLANG_WARN_EMPTY_BODY = YES;
				CLANG_WARN_ENUM_CONVERSION = YES;
				CLANG_WARN_INFINITE_RECURSION = YES;
				CLANG_WARN_INT_CONVERSION = YES;
				CLANG_WARN_OBJC_ROOT_CLASS = YES_ERROR;
				CLANG_WARN_SUSPICIOUS_MOVE = YES;
				CLANG_WARN_UNREACHABLE_CODE = YES;
				CLANG_WARN__DUPLICATE_METHOD_MATCH = YES;
				"CODE_SIGN_IDENTITY[sdk=iphoneos*]" = "iPhone Developer";
				COPY_PHASE_STRIP = NO;
				DEBUG_INFORMATION_FORMAT = "dwarf-with-dsym";
				ENABLE_NS_ASSERTIONS = NO;
				ENABLE_STRICT_OBJC_MSGSEND = YES;
				GCC_C_LANGUAGE_STANDARD = gnu99;
				GCC_NO_COMMON_BLOCKS = YES;
				GCC_WARN_64_TO_32_BIT_CONVERSION = YES;
				GCC_WARN_ABOUT_RETURN_TYPE = YES_ERROR;
				GCC_WARN_UNDECLARED_SELECTOR = YES;
				GCC_WARN_UNINITIALIZED_AUTOS = YES_AGGRESSIVE;
				GCC_WARN_UNUSED_FUNCTION = YES;
				GCC_WARN_UNUSED_VARIABLE = YES;
				IPHONEOS_DEPLOYMENT_TARGET = 10.3;
				MTL_ENABLE_DEBUG_INFO = NO;
				SDKROOT = iphoneos;
				VALIDATE_PRODUCT = YES;
			};
			name = Release;
		};
		2A3ECFCC1ED98DBD00C130AF /* Debug */ = {
			isa = XCBuildConfiguration;
			baseConfigurationReference = 3C95498931D6D524D02F7734 /* Pods-SitEnjoy.debug.xcconfig */;
			buildSettings = {
				ASSETCATALOG_COMPILER_APPICON_NAME = AppIcon;
				DEVELOPMENT_TEAM = RLW446F9SR;
				INFOPLIST_FILE = SitEnjoy/Info.plist;
				LD_RUNPATH_SEARCH_PATHS = "$(inherited) @executable_path/Frameworks";
				PRODUCT_BUNDLE_IDENTIFIER = wupei.SitEnjoy;
				PRODUCT_NAME = "$(TARGET_NAME)";
			};
			name = Debug;
		};
		2A3ECFCD1ED98DBD00C130AF /* Release */ = {
			isa = XCBuildConfiguration;
			baseConfigurationReference = 4ECE98101CC2D451E5D19B8A /* Pods-SitEnjoy.release.xcconfig */;
			buildSettings = {
				ASSETCATALOG_COMPILER_APPICON_NAME = AppIcon;
				DEVELOPMENT_TEAM = RLW446F9SR;
				INFOPLIST_FILE = SitEnjoy/Info.plist;
				LD_RUNPATH_SEARCH_PATHS = "$(inherited) @executable_path/Frameworks";
				PRODUCT_BUNDLE_IDENTIFIER = wupei.SitEnjoy;
				PRODUCT_NAME = "$(TARGET_NAME)";
			};
			name = Release;
		};
		2A3ECFCF1ED98DBD00C130AF /* Debug */ = {
			isa = XCBuildConfiguration;
			buildSettings = {
				BUNDLE_LOADER = "$(TEST_HOST)";
				DEVELOPMENT_TEAM = RLW446F9SR;
				INFOPLIST_FILE = SitEnjoyTests/Info.plist;
				LD_RUNPATH_SEARCH_PATHS = "$(inherited) @executable_path/Frameworks @loader_path/Frameworks";
				PRODUCT_BUNDLE_IDENTIFIER = wupei.SitEnjoyTests;
				PRODUCT_NAME = "$(TARGET_NAME)";
				TEST_HOST = "$(BUILT_PRODUCTS_DIR)/SitEnjoy.app/SitEnjoy";
			};
			name = Debug;
		};
		2A3ECFD01ED98DBD00C130AF /* Release */ = {
			isa = XCBuildConfiguration;
			buildSettings = {
				BUNDLE_LOADER = "$(TEST_HOST)";
				DEVELOPMENT_TEAM = RLW446F9SR;
				INFOPLIST_FILE = SitEnjoyTests/Info.plist;
				LD_RUNPATH_SEARCH_PATHS = "$(inherited) @executable_path/Frameworks @loader_path/Frameworks";
				PRODUCT_BUNDLE_IDENTIFIER = wupei.SitEnjoyTests;
				PRODUCT_NAME = "$(TARGET_NAME)";
				TEST_HOST = "$(BUILT_PRODUCTS_DIR)/SitEnjoy.app/SitEnjoy";
			};
			name = Release;
		};
		2A3ECFD21ED98DBD00C130AF /* Debug */ = {
			isa = XCBuildConfiguration;
			buildSettings = {
				DEVELOPMENT_TEAM = RLW446F9SR;
				INFOPLIST_FILE = SitEnjoyUITests/Info.plist;
				LD_RUNPATH_SEARCH_PATHS = "$(inherited) @executable_path/Frameworks @loader_path/Frameworks";
				PRODUCT_BUNDLE_IDENTIFIER = wupei.SitEnjoyUITests;
				PRODUCT_NAME = "$(TARGET_NAME)";
				TEST_TARGET_NAME = SitEnjoy;
			};
			name = Debug;
		};
		2A3ECFD31ED98DBD00C130AF /* Release */ = {
			isa = XCBuildConfiguration;
			buildSettings = {
				DEVELOPMENT_TEAM = RLW446F9SR;
				INFOPLIST_FILE = SitEnjoyUITests/Info.plist;
				LD_RUNPATH_SEARCH_PATHS = "$(inherited) @executable_path/Frameworks @loader_path/Frameworks";
				PRODUCT_BUNDLE_IDENTIFIER = wupei.SitEnjoyUITests;
				PRODUCT_NAME = "$(TARGET_NAME)";
				TEST_TARGET_NAME = SitEnjoy;
			};
			name = Release;
		};
/* End XCBuildConfiguration section */

/* Begin XCConfigurationList section */
		2A3ECF991ED98DBC00C130AF /* Build configuration list for PBXProject "SitEnjoy" */ = {
			isa = XCConfigurationList;
			buildConfigurations = (
				2A3ECFC91ED98DBD00C130AF /* Debug */,
				2A3ECFCA1ED98DBD00C130AF /* Release */,
			);
			defaultConfigurationIsVisible = 0;
			defaultConfigurationName = Release;
		};
		2A3ECFCB1ED98DBD00C130AF /* Build configuration list for PBXNativeTarget "SitEnjoy" */ = {
			isa = XCConfigurationList;
			buildConfigurations = (
				2A3ECFCC1ED98DBD00C130AF /* Debug */,
				2A3ECFCD1ED98DBD00C130AF /* Release */,
			);
			defaultConfigurationIsVisible = 0;
			defaultConfigurationName = Release;
		};
		2A3ECFCE1ED98DBD00C130AF /* Build configuration list for PBXNativeTarget "SitEnjoyTests" */ = {
			isa = XCConfigurationList;
			buildConfigurations = (
				2A3ECFCF1ED98DBD00C130AF /* Debug */,
				2A3ECFD01ED98DBD00C130AF /* Release */,
			);
			defaultConfigurationIsVisible = 0;
			defaultConfigurationName = Release;
		};
		2A3ECFD11ED98DBD00C130AF /* Build configuration list for PBXNativeTarget "SitEnjoyUITests" */ = {
			isa = XCConfigurationList;
			buildConfigurations = (
				2A3ECFD21ED98DBD00C130AF /* Debug */,
				2A3ECFD31ED98DBD00C130AF /* Release */,
			);
			defaultConfigurationIsVisible = 0;
			defaultConfigurationName = Release;
		};
/* End XCConfigurationList section */
	};
	rootObject = 2A3ECF961ED98DBC00C130AF /* Project object */;
}
